
Microsoft Visual Studio Solution File, Format Version 12.00
# Visual Studio Version 17
VisualStudioVersion = 17.8.34330.188
MinimumVisualStudioVersion = 10.0.40219.1
Project("{9A19103F-16F7-4668-BE54-9A1E7A4F7556}") = "Scraper.API", "Scraper.API\Scraper.API.csproj", "{F2D0C8AB-17C2-455B-B179-819C1F414E48}"
EndProject
Project("{9A19103F-16F7-4668-BE54-9A1E7A4F7556}") = "Scraper.Core", "Scraper.Core\Scraper.Core.csproj", "{E21C9D44-8874-4074-B283-8C78291F8AFB}"
EndProject
Project("{9A19103F-16F7-4668-BE54-9A1E7A4F7556}") = "Scraper.Data", "Scraper.Data\Scraper.Data.csproj", "{9EDC3D42-EDEE-4FE7-B9E3-C7AAB9F3EE58}"
EndProject
Project("{9A19103F-16F7-4668-BE54-9A1E7A4F7556}") = "Scraper.Services", "Scraper.Services\Scraper.Services.csproj", "{3C9BAF93-2B0F-4523-9D93-4639B069E3D2}"
EndProject
Project("{FAE04EC0-301F-11D3-BF4B-00C04F79EFBC}") = "Scraper.Tests", "Scraper.Tests\Scraper.Tests.csproj", "{4C4CC7EF-C907-4D1C-8E94-CCD84873285A}"
EndProject
Global
	GlobalSection(SolutionConfigurationPlatforms) = preSolution
		Debug|Any CPU = Debug|Any CPU
		Release|Any CPU = Release|Any CPU
	EndGlobalSection
	GlobalSection(ProjectConfigurationPlatforms) = postSolution
		{F2D0C8AB-17C2-455B-B179-819C1F414E48}.Debug|Any CPU.ActiveCfg = Debug|Any CPU
		{F2D0C8AB-17C2-455B-B179-819C1F414E48}.Debug|Any CPU.Build.0 = Debug|Any CPU
		{F2D0C8AB-17C2-455B-B179-819C1F414E48}.Release|Any CPU.ActiveCfg = Release|Any CPU
		{F2D0C8AB-17C2-455B-B179-819C1F414E48}.Release|Any CPU.Build.0 = Release|Any CPU
		{E21C9D44-8874-4074-B283-8C78291F8AFB}.Debug|Any CPU.ActiveCfg = Debug|Any CPU
		{E21C9D44-8874-4074-B283-8C78291F8AFB}.Debug|Any CPU.Build.0 = Debug|Any CPU
		{E21C9D44-8874-4074-B283-8C78291F8AFB}.Release|Any CPU.ActiveCfg = Release|Any CPU
		{E21C9D44-8874-4074-B283-8C78291F8AFB}.Release|Any CPU.Build.0 = Release|Any CPU
		{9EDC3D42-EDEE-4FE7-B9E3-C7AAB9F3EE58}.Debug|Any CPU.ActiveCfg = Debug|Any CPU
		{9EDC3D42-EDEE-4FE7-B9E3-C7AAB9F3EE58}.Debug|Any CPU.Build.0 = Debug|Any CPU
		{9EDC3D42-EDEE-4FE7-B9E3-C7AAB9F3EE58}.Release|Any CPU.ActiveCfg = Release|Any CPU
		{9EDC3D42-EDEE-4FE7-B9E3-C7AAB9F3EE58}.Release|Any CPU.Build.0 = Release|Any CPU
		{3C9BAF93-2B0F-4523-9D93-4639B069E3D2}.Debug|Any CPU.ActiveCfg = Debug|Any CPU
		{3C9BAF93-2B0F-4523-9D93-4639B069E3D2}.Debug|Any CPU.Build.0 = Debug|Any CPU
		{3C9BAF93-2B0F-4523-9D93-4639B069E3D2}.Release|Any CPU.ActiveCfg = Release|Any CPU
		{3C9BAF93-2B0F-4523-9D93-4639B069E3D2}.Release|Any CPU.Build.0 = Release|Any CPU
		{4C4CC7EF-C907-4D1C-8E94-CCD84873285A}.Debug|Any CPU.ActiveCfg = Debug|Any CPU
		{4C4CC7EF-C907-4D1C-8E94-CCD84873285A}.Debug|Any CPU.Build.0 = Debug|Any CPU
		{4C4CC7EF-C907-4D1C-8E94-CCD84873285A}.Release|Any CPU.ActiveCfg = Release|Any CPU
		{4C4CC7EF-C907-4D1C-8E94-CCD84873285A}.Release|Any CPU.Build.0 = Release|Any CPU
	EndGlobalSection
	GlobalSection(SolutionProperties) = preSolution
		HideSolutionNode = FALSE
	EndGlobalSection
	GlobalSection(ExtensibilityGlobals) = postSolution
		SolutionGuid = {DC7A6277-3C35-4523-A771-2229B0859D4C}
	EndGlobalSection
EndGlobal
